
Microsoft Visual Studio Solution File, Format Version 12.00
# Visual Studio Version 17
VisualStudioVersion = 17.14.36301.6 d17.14
MinimumVisualStudioVersion = 10.0.40219.1
Project("{FAE04EC0-301F-11D3-BF4B-00C04F79EFBC}") = "ResponseCompression", "ResponseCompression\ResponseCompression.csproj", "{A146233E-1887-472A-B713-CA247FC5D2EF}"
EndProject
Global
	GlobalSection(SolutionConfigurationPlatforms) = preSolution
		Debug|Any CPU = Debug|Any CPU
		Release|Any CPU = Release|Any CPU
	EndGlobalSection
	GlobalSection(ProjectConfigurationPlatforms) = postSolution
		{A146233E-1887-472A-B713-CA247FC5D2EF}.Debug|Any CPU.ActiveCfg = Debug|Any CPU
		{A146233E-1887-472A-B713-CA247FC5D2EF}.Debug|Any CPU.Build.0 = Debug|Any CPU
		{A146233E-1887-472A-B713-CA247FC5D2EF}.Release|Any CPU.ActiveCfg = Release|Any CPU
		{A146233E-1887-472A-B713-CA247FC5D2EF}.Release|Any CPU.Build.0 = Release|Any CPU
	EndGlobalSection
	GlobalSection(SolutionProperties) = preSolution
		HideSolutionNode = FALSE
	EndGlobalSection
	GlobalSection(ExtensibilityGlobals) = postSolution
		SolutionGuid = {15CB7189-422B-4232-A03B-CB931BBF0812}
	EndGlobalSection
EndGlobal
